{
    "name": "mandrake",
    "version": "24.14.1",
    "lockfileVersion": 3,
    "requires": true,
    "packages": {
        "": {
            "name": "mandrake",
            "version": "24.14.1",
            "license": "SEE LICENSE IN LICENSE.md",
            "engines": {
                "node": ">=18"
            }
        }
    }
}
